// !$*UTF8*$!
{
	archiveVersion = 1;
	classes = {
	};
	objectVersion = 48;
	objects = {

/* Begin PBXBuildFile section */
		C2C889B32015D68400B7AA6C /* AppDelegate.swift in Sources */ = {isa = PBXBuildFile; fileRef = C2C889B22015D68400B7AA6C /* AppDelegate.swift */; };
		C2C889B52015D68400B7AA6C /* ViewController.swift in Sources */ = {isa = PBXBuildFile; fileRef = C2C889B42015D68400B7AA6C /* ViewController.swift */; };
		C2C889B82015D68400B7AA6C /* Main.storyboard in Resources */ = {isa = PBXBuildFile; fileRef = C2C889B62015D68400B7AA6C /* Main.storyboard */; };
		C2C889BA2015D68400B7AA6C /* Assets.xcassets in Resources */ = {isa = PBXBuildFile; fileRef = C2C889B92015D68400B7AA6C /* Assets.xcassets */; };
		C2C889BD2015D68400B7AA6C /* LaunchScreen.storyboard in Resources */ = {isa = PBXBuildFile; fileRef = C2C889BB2015D68400B7AA6C /* LaunchScreen.storyboard */; };
		C2C889C52015D7A100B7AA6C /* HitterTableViewController.swift in Sources */ = {isa = PBXBuildFile; fileRef = C2C889C42015D7A100B7AA6C /* HitterTableViewController.swift */; };
/* End PBXBuildFile section */

/* Begin PBXFileReference section */
		C2C889AF2015D68400B7AA6C /* KBOHallOfFame.app */ = {isa = PBXFileReference; explicitFileType = wrapper.application; includeInIndex = 0; path = KBOHallOfFame.app; sourceTree = BUILT_PRODUCTS_DIR; };
		C2C889B22015D68400B7AA6C /* AppDelegate.swift */ = {isa = PBXFileReference; lastKnownFileType = sourcecode.swift; path = AppDelegate.swift; sourceTree = "<group>"; };
		C2C889B42015D68400B7AA6C /* ViewController.swift */ = {isa = PBXFileReference; lastKnownFileType = sourcecode.swift; path = ViewController.swift; sourceTree = "<group>"; };
		C2C889B72015D68400B7AA6C /* Base */ = {isa = PBXFileReference; lastKnownFileType = file.storyboard; name = Base; path = Base.lproj/Main.storyboard; sourceTree = "<group>"; };
		C2C889B92015D68400B7AA6C /* Assets.xcassets */ = {isa = PBXFileReference; lastKnownFileType = folder.assetcatalog; path = Assets.xcassets; sourceTree = "<group>"; };
		C2C889BC2015D68400B7AA6C /* Base */ = {isa = PBXFileReference; lastKnownFileType = file.storyboard; name = Base; path = Base.lproj/LaunchScreen.storyboard; sourceTree = "<group>"; };
		C2C889BE2015D68400B7AA6C /* Info.plist */ = {isa = PBXFileReference; lastKnownFileType = text.plist.xml; path = Info.plist; sourceTree = "<group>"; };
		C2C889C42015D7A100B7AA6C /* HitterTableViewController.swift */ = {isa = PBXFileReference; lastKnownFileType = sourcecode.swift; path = HitterTableViewController.swift; sourceTree = "<group>"; };
/* End PBXFileReference section */

/* Begin PBXFrameworksBuildPhase section */
		C2C889AC2015D68400B7AA6C /* Frameworks */ = {
			isa = PBXFrameworksBuildPhase;
			buildActionMask = 2147483647;
			files = (
			);
			runOnlyForDeploymentPostprocessing = 0;
		};
/* End PBXFrameworksBuildPhase section */

/* Begin PBXGroup section */
		C2C889A62015D68400B7AA6C = {
			isa = PBXGroup;
			children = (
				C2C889B12015D68400B7AA6C /* KBOHallOfFame */,
				C2C889B02015D68400B7AA6C /* Products */,
			);
			sourceTree = "<group>";
		};
		C2C889B02015D68400B7AA6C /* Products */ = {
			isa = PBXGroup;
			children = (
				C2C889AF2015D68400B7AA6C /* KBOHallOfFame.app */,
			);
			name = Products;
			sourceTree = "<group>";
		};
		C2C889B12015D68400B7AA6C /* KBOHallOfFame */ = {
			isa = PBXGroup;
			children = (
				C2C889B22015D68400B7AA6C /* AppDelegate.swift */,
				C2C889B42015D68400B7AA6C /* ViewController.swift */,
				C2C889B62015D68400B7AA6C /* Main.storyboard */,
				C2C889C42015D7A100B7AA6C /* HitterTableViewController.swift */,
				C2C889B92015D68400B7AA6C /* Assets.xcassets */,
				C2C889BB2015D68400B7AA6C /* LaunchScreen.storyboard */,
				C2C889BE2015D68400B7AA6C /* Info.plist */,
			);
			path = KBOHallOfFame;
			sourceTree = "<group>";
		};
/* End PBXGroup section */

/* Begin PBXNativeTarget section */
		C2C889AE2015D68400B7AA6C /* KBOHallOfFame */ = {
			isa = PBXNativeTarget;
			buildConfigurationList = C2C889C12015D68400B7AA6C /* Build configuration list for PBXNativeTarget "KBOHallOfFame" */;
			buildPhases = (
				C2C889AB2015D68400B7AA6C /* Sources */,
				C2C889AC2015D68400B7AA6C /* Frameworks */,
				C2C889AD2015D68400B7AA6C /* Resources */,
			);
			buildRules = (
			);
			dependencies = (
			);
			name = KBOHallOfFame;
			productName = KBOHallOfFame;
			productReference = C2C889AF2015D68400B7AA6C /* KBOHallOfFame.app */;
			productType = "com.apple.product-type.application";
		};
/* End PBXNativeTarget section */

/* Begin PBXProject section */
		C2C889A72015D68400B7AA6C /* Project object */ = {
			isa = PBXProject;
			attributes = {
				LastSwiftUpdateCheck = 0920;
				LastUpgradeCheck = 0920;
				ORGANIZATIONNAME = KU;
				TargetAttributes = {
					C2C889AE2015D68400B7AA6C = {
						CreatedOnToolsVersion = 9.2;
						ProvisioningStyle = Automatic;
					};
				};
			};
			buildConfigurationList = C2C889AA2015D68400B7AA6C /* Build configuration list for PBXProject "KBOHallOfFame" */;
			compatibilityVersion = "Xcode 8.0";
			developmentRegion = en;
			hasScannedForEncodings = 0;
			knownRegions = (
				en,
				Base,
			);
			mainGroup = C2C889A62015D68400B7AA6C;
			productRefGroup = C2C889B02015D68400B7AA6C /* Products */;
			projectDirPath = "";
			projectRoot = "";
			targets = (
				C2C889AE2015D68400B7AA6C /* KBOHallOfFame */,
			);
		};
/* End PBXProject section */

/* Begin PBXResourcesBuildPhase section */
		C2C889AD2015D68400B7AA6C /* Resources */ = {
			isa = PBXResourcesBuildPhase;
			buildActionMask = 2147483647;
			files = (
				C2C889BD2015D68400B7AA6C /* LaunchScreen.storyboard in Resources */,
				C2C889BA2015D68400B7AA6C /* Assets.xcassets in Resources */,
				C2C889B82015D68400B7AA6C /* Main.storyboard in Resources */,
			);
			runOnlyForDeploymentPostprocessing = 0;
		};
/* End PBXResourcesBuildPhase section */

/* Begin PBXSourcesBuildPhase section */
		C2C889AB2015D68400B7AA6C /* Sources */ = {
			isa = PBXSourcesBuildPhase;
			buildActionMask = 2147483647;
			files = (
				C2C889B52015D68400B7AA6C /* ViewController.swift in Sources */,
				C2C889C52015D7A100B7AA6C /* HitterTableViewController.swift in Sources */,
				C2C889B32015D68400B7AA6C /* AppDelegate.swift in Sources */,
			);
			runOnlyForDeploymentPostprocessing = 0;
		};
/* End PBXSourcesBuildPhase section */

/* Begin PBXVariantGroup section */
		C2C889B62015D68400B7AA6C /* Main.storyboard */ = {
			isa = PBXVariantGroup;
			children = (
				C2C889B72015D68400B7AA6C /* Base */,
			);
			name = Main.storyboard;
			sourceTree = "<group>";
		};
		C2C889BB2015D68400B7AA6C /* LaunchScreen.storyboard */ = {
			isa = PBXVariantGroup;
			children = (
				C2C889BC2015D68400B7AA6C /* Base */,
			);
			name = LaunchScreen.storyboard;
			sourceTree = "<group>";
		};
/* End PBXVariantGroup section */

/* Begin XCBuildConfiguration section */
		C2C889BF2015D68400B7AA6C /* Debug */ = {
			isa = XCBuildConfiguration;
			buildSettings = {
				ALWAYS_SEARCH_USER_PATHS = NO;
				CLANG_ANALYZER_NONNULL = YES;
				CLANG_ANALYZER_NUMBER_OBJECT_CONVERSION = YES_AGGRESSIVE;
				CLANG_CXX_LANGUAGE_STANDARD = "gnu++14";
				CLANG_CXX_LIBRARY = "libc++";
				CLANG_ENABLE_MODULES = YES;
				CLANG_ENABLE_OBJC_ARC = YES;
				CLANG_WARN_BLOCK_CAPTURE_AUTORELEASING = YES;
				CLANG_WARN_BOOL_CONVERSION = YES;
				CLANG_WARN_COMMA = YES;
				CLANG_WARN_CONSTANT_CONVERSION = YES;
				CLANG_WARN_DIRECT_OBJC_ISA_USAGE = YES_ERROR;
				CLANG_WARN_DOCUMENTATION_COMMENTS = YES;
				CLANG_WARN_EMPTY_BODY = YES;
				CLANG_WARN_ENUM_CONVERSION = YES;
				CLANG_WARN_INFINITE_RECURSION = YES;
				CLANG_WARN_INT_CONVERSION = YES;
				CLANG_WARN_NON_LITERAL_NULL_CONVERSION = YES;
				CLANG_WARN_OBJC_LITERAL_CONVERSION = YES;
				CLANG_WARN_OBJC_ROOT_CLASS = YES_ERROR;
				CLANG_WARN_RANGE_LOOP_ANALYSIS = YES;
				CLANG_WARN_STRICT_PROTOTYPES = YES;
				CLANG_WARN_SUSPICIOUS_MOVE = YES;
				CLANG_WARN_UNGUARDED_AVAILABILITY = YES_AGGRESSIVE;
				CLANG_WARN_UNREACHABLE_CODE = YES;
				CLANG_WARN__DUPLICATE_METHOD_MATCH = YES;
				CODE_SIGN_IDENTITY = "iPhone Developer";
				COPY_PHASE_STRIP = NO;
				DEBUG_INFORMATION_FORMAT = dwarf;
				ENABLE_STRICT_OBJC_MSGSEND = YES;
				ENABLE_TESTABILITY = YES;
				GCC_C_LANGUAGE_STANDARD = gnu11;
				GCC_DYNAMIC_NO_PIC = NO;
				GCC_NO_COMMON_BLOCKS = YES;
				GCC_OPTIMIZATION_LEVEL = 0;
				GCC_PREPROCESSOR_DEFINITIONS = (
					"DEBUG=1",
					"$(inherited)",
				);
				GCC_WARN_64_TO_32_BIT_CONVERSION = YES;
				GCC_WARN_ABOUT_RETURN_TYPE = YES_ERROR;
				GCC_WARN_UNDECLARED_SELECTOR = YES;
				GCC_WARN_UNINITIALIZED_AUTOS = YES_AGGRESSIVE;
				GCC_WARN_UNUSED_FUNCTION = YES;
				GCC_WARN_UNUSED_VARIABLE = YES;
				IPHONEOS_DEPLOYMENT_TARGET = 11.2;
				MTL_ENABLE_DEBUG_INFO = YES;
				ONLY_ACTIVE_ARCH = YES;
				SDKROOT = iphoneos;
				SWIFT_ACTIVE_COMPILATION_CONDITIONS = DEBUG;
				SWIFT_OPTIMIZATION_LEVEL = "-Onone";
			};
			name = Debug;
		};
		C2C889C02015D68400B7AA6C /* Release */ = {
			isa = XCBuildConfiguration;
			buildSettings = {
				ALWAYS_SEARCH_USER_PATHS = NO;
				CLANG_ANALYZER_NONNULL = YES;
				CLANG_ANALYZER_NUMBER_OBJECT_CONVERSION = YES_AGGRESSIVE;
				CLANG_CXX_LANGUAGE_STANDARD = "gnu++14";
				CLANG_CXX_LIBRARY = "libc++";
				CLANG_ENABLE_MODULES = YES;
				CLANG_ENABLE_OBJC_ARC = YES;
				CLANG_WARN_BLOCK_CAPTURE_AUTORELEASING = YES;
				CLANG_WARN_BOOL_CONVERSION = YES;
				CLANG_WARN_COMMA = YES;
				CLANG_WARN_CONSTANT_CONVERSION = YES;
				CLANG_WARN_DIRECT_OBJC_ISA_USAGE = YES_ERROR;
				CLANG_WARN_DOCUMENTATION_COMMENTS = YES;
				CLANG_WARN_EMPTY_BODY = YES;
				CLANG_WARN_ENUM_CONVERSION = YES;
				CLANG_WARN_INFINITE_RECURSION = YES;
				CLANG_WARN_INT_CONVERSION = YES;
				CLANG_WARN_NON_LITERAL_NULL_CONVERSION = YES;
				CLANG_WARN_OBJC_LITERAL_CONVERSION = YES;
				CLANG_WARN_OBJC_ROOT_CLASS = YES_ERROR;
				CLANG_WARN_RANGE_LOOP_ANALYSIS = YES;
				CLANG_WARN_STRICT_PROTOTYPES = YES;
				CLANG_WARN_SUSPICIOUS_MOVE = YES;
				CLANG_WARN_UNGUARDED_AVAILABILITY = YES_AGGRESSIVE;
				CLANG_WARN_UNREACHABLE_CODE = YES;
				CLANG_WARN__DUPLICATE_METHOD_MATCH = YES;
				CODE_SIGN_IDENTITY = "iPhone Developer";
				COPY_PHASE_STRIP = NO;
				DEBUG_INFORMATION_FORMAT = "dwarf-with-dsym";
				ENABLE_NS_ASSERTIONS = NO;
				ENABLE_STRICT_OBJC_MSGSEND = YES;
				GCC_C_LANGUAGE_STANDARD = gnu11;
				GCC_NO_COMMON_BLOCKS = YES;
				GCC_WARN_64_TO_32_BIT_CONVERSION = YES;
				GCC_WARN_ABOUT_RETURN_TYPE = YES_ERROR;
				GCC_WARN_UNDECLARED_SELECTOR = YES;
				GCC_WARN_UNINITIALIZED_AUTOS = YES_AGGRESSIVE;
				GCC_WARN_UNUSED_FUNCTION = YES;
				GCC_WARN_UNUSED_VARIABLE = YES;
				IPHONEOS_DEPLOYMENT_TARGET = 11.2;
				MTL_ENABLE_DEBUG_INFO = NO;
				SDKROOT = iphoneos;
				SWIFT_OPTIMIZATION_LEVEL = "-Owholemodule";
				VALIDATE_PRODUCT = YES;
			};
			name = Release;
		};
		C2C889C22015D68400B7AA6C /* Debug */ = {
			isa = XCBuildConfiguration;
			buildSettings = {
				ASSETCATALOG_COMPILER_APPICON_NAME = AppIcon;
				CODE_SIGN_STYLE = Automatic;
				INFOPLIST_FILE = KBOHallOfFame/Info.plist;
				LD_RUNPATH_SEARCH_PATHS = "$(inherited) @executable_path/Frameworks";
				PRODUCT_BUNDLE_IDENTIFIER = kr.ac.korea.KBOHallOfFame;
				PRODUCT_NAME = "$(TARGET_NAME)";
				SWIFT_VERSION = 4.0;
				TARGETED_DEVICE_FAMILY = "1,2";
			};
			name = Debug;
		};
		C2C889C32015D68400B7AA6C /* Release */ = {
			isa = XCBuildConfiguration;
			buildSettings = {
				ASSETCATALOG_COMPILER_APPICON_NAME = AppIcon;
				CODE_SIGN_STYLE = Automatic;
				INFOPLIST_FILE = KBOHallOfFame/Info.plist;
				LD_RUNPATH_SEARCH_PATHS = "$(inherited) @executable_path/Frameworks";
				PRODUCT_BUNDLE_IDENTIFIER = kr.ac.korea.KBOHallOfFame;
				PRODUCT_NAME = "$(TARGET_NAME)";
				SWIFT_VERSION = 4.0;
				TARGETED_DEVICE_FAMILY = "1,2";
			};
			name = Release;
		};
/* End XCBuildConfiguration section */

/* Begin XCConfigurationList section */
		C2C889AA2015D68400B7AA6C /* Build configuration list for PBXProject "KBOHallOfFame" */ = {
			isa = XCConfigurationList;
			buildConfigurations = (
				C2C889BF2015D68400B7AA6C /* Debug */,
				C2C889C02015D68400B7AA6C /* Release */,
			);
			defaultConfigurationIsVisible = 0;
			defaultConfigurationName = Release;
		};
		C2C889C12015D68400B7AA6C /* Build configuration list for PBXNativeTarget "KBOHallOfFame" */ = {
			isa = XCConfigurationList;
			buildConfigurations = (
				C2C889C22015D68400B7AA6C /* Debug */,
				C2C889C32015D68400B7AA6C /* Release */,
			);
			defaultConfigurationIsVisible = 0;
			defaultConfigurationName = Release;
		};
/* End XCConfigurationList section */
	};
	rootObject = C2C889A72015D68400B7AA6C /* Project object */;
}
